
Microsoft Visual Studio Solution File, Format Version 12.00
# Visual Studio Version 17
VisualStudioVersion = 17.10.35013.160
MinimumVisualStudioVersion = 10.0.40219.1
Project("{9A19103F-16F7-4668-BE54-9A1E7A4F7556}") = "AvaloniaApplication_Start", "AvaloniaApplication_Start\AvaloniaApplication_Start.csproj", "{396C0BEC-0068-4051-A1F0-CA7414E852CA}"
EndProject
Project("{9A19103F-16F7-4668-BE54-9A1E7A4F7556}") = "AvaloniaApplication_Start.Desktop", "AvaloniaApplication_Start.Desktop\AvaloniaApplication_Start.Desktop.csproj", "{743253CA-5281-41FC-9DCD-7DB41B86CBFB}"
EndProject
Global
	GlobalSection(SolutionConfigurationPlatforms) = preSolution
		Debug|Any CPU = Debug|Any CPU
		Release|Any CPU = Release|Any CPU
	EndGlobalSection
	GlobalSection(ProjectConfigurationPlatforms) = postSolution
		{396C0BEC-0068-4051-A1F0-CA7414E852CA}.Debug|Any CPU.ActiveCfg = Debug|Any CPU
		{396C0BEC-0068-4051-A1F0-CA7414E852CA}.Debug|Any CPU.Build.0 = Debug|Any CPU
		{396C0BEC-0068-4051-A1F0-CA7414E852CA}.Release|Any CPU.ActiveCfg = Release|Any CPU
		{396C0BEC-0068-4051-A1F0-CA7414E852CA}.Release|Any CPU.Build.0 = Release|Any CPU
		{743253CA-5281-41FC-9DCD-7DB41B86CBFB}.Debug|Any CPU.ActiveCfg = Debug|Any CPU
		{743253CA-5281-41FC-9DCD-7DB41B86CBFB}.Debug|Any CPU.Build.0 = Debug|Any CPU
		{743253CA-5281-41FC-9DCD-7DB41B86CBFB}.Release|Any CPU.ActiveCfg = Release|Any CPU
		{743253CA-5281-41FC-9DCD-7DB41B86CBFB}.Release|Any CPU.Build.0 = Release|Any CPU
	EndGlobalSection
	GlobalSection(SolutionProperties) = preSolution
		HideSolutionNode = FALSE
	EndGlobalSection
	GlobalSection(ExtensibilityGlobals) = postSolution
		SolutionGuid = {D7E79643-23B2-4DAC-AC25-55BFCF0C169B}
	EndGlobalSection
EndGlobal
